// !$*UTF8*$!
{
	archiveVersion = 1;
	classes = {
	};
	objectVersion = 52;
	objects = {

/* Begin PBXBuildFile section */
		55D75492235B1ACE00B947D6 /* AppDelegate.swift in Sources */ = {isa = PBXBuildFile; fileRef = 55D75491235B1ACE00B947D6 /* AppDelegate.swift */; };
		55D75494235B1ACE00B947D6 /* ViewController.swift in Sources */ = {isa = PBXBuildFile; fileRef = 55D75493235B1ACE00B947D6 /* ViewController.swift */; };
		55D75496235B1ACF00B947D6 /* Assets.xcassets in Resources */ = {isa = PBXBuildFile; fileRef = 55D75495235B1ACF00B947D6 /* Assets.xcassets */; };
		55D75499235B1ACF00B947D6 /* Main.storyboard in Resources */ = {isa = PBXBuildFile; fileRef = 55D75497235B1ACF00B947D6 /* Main.storyboard */; };
		55D754A2235B7C1C00B947D6 /* Alerts.swift in Sources */ = {isa = PBXBuildFile; fileRef = 55D754A1235B7C1C00B947D6 /* Alerts.swift */; };
		55D754A4235B9A9300B947D6 /* Models.swift in Sources */ = {isa = PBXBuildFile; fileRef = 55D754A3235B9A9300B947D6 /* Models.swift */; };
		55D754A7235C677400B947D6 /* Stencil in Frameworks */ = {isa = PBXBuildFile; productRef = 55D754A6235C677400B947D6 /* Stencil */; settings = {ATTRIBUTES = (Required, ); }; };
/* End PBXBuildFile section */

/* Begin PBXFileReference section */
		55D7548E235B1ACE00B947D6 /* Alertmanager.app */ = {isa = PBXFileReference; explicitFileType = wrapper.application; includeInIndex = 0; path = Alertmanager.app; sourceTree = BUILT_PRODUCTS_DIR; };
		55D75491235B1ACE00B947D6 /* AppDelegate.swift */ = {isa = PBXFileReference; lastKnownFileType = sourcecode.swift; path = AppDelegate.swift; sourceTree = "<group>"; };
		55D75493235B1ACE00B947D6 /* ViewController.swift */ = {isa = PBXFileReference; lastKnownFileType = sourcecode.swift; path = ViewController.swift; sourceTree = "<group>"; };
		55D75495235B1ACF00B947D6 /* Assets.xcassets */ = {isa = PBXFileReference; lastKnownFileType = folder.assetcatalog; path = Assets.xcassets; sourceTree = "<group>"; };
		55D75498235B1ACF00B947D6 /* Base */ = {isa = PBXFileReference; lastKnownFileType = file.storyboard; name = Base; path = Base.lproj/Main.storyboard; sourceTree = "<group>"; };
		55D7549A235B1ACF00B947D6 /* Info.plist */ = {isa = PBXFileReference; lastKnownFileType = text.plist.xml; path = Info.plist; sourceTree = "<group>"; };
		55D7549B235B1ACF00B947D6 /* Alertmanager.entitlements */ = {isa = PBXFileReference; lastKnownFileType = text.plist.entitlements; path = Alertmanager.entitlements; sourceTree = "<group>"; };
		55D754A1235B7C1C00B947D6 /* Alerts.swift */ = {isa = PBXFileReference; lastKnownFileType = sourcecode.swift; path = Alerts.swift; sourceTree = "<group>"; };
		55D754A3235B9A9300B947D6 /* Models.swift */ = {isa = PBXFileReference; lastKnownFileType = sourcecode.swift; path = Models.swift; sourceTree = "<group>"; };
/* End PBXFileReference section */

/* Begin PBXFrameworksBuildPhase section */
		55D7548B235B1ACE00B947D6 /* Frameworks */ = {
			isa = PBXFrameworksBuildPhase;
			buildActionMask = 2147483647;
			files = (
				55D754A7235C677400B947D6 /* Stencil in Frameworks */,
			);
			runOnlyForDeploymentPostprocessing = 0;
		};
/* End PBXFrameworksBuildPhase section */

/* Begin PBXGroup section */
		55D75485235B1ACE00B947D6 = {
			isa = PBXGroup;
			children = (
				55D75490235B1ACE00B947D6 /* Alertmanager */,
				55D7548F235B1ACE00B947D6 /* Products */,
			);
			sourceTree = "<group>";
		};
		55D7548F235B1ACE00B947D6 /* Products */ = {
			isa = PBXGroup;
			children = (
				55D7548E235B1ACE00B947D6 /* Alertmanager.app */,
			);
			name = Products;
			sourceTree = "<group>";
		};
		55D75490235B1ACE00B947D6 /* Alertmanager */ = {
			isa = PBXGroup;
			children = (
				55D75491235B1ACE00B947D6 /* AppDelegate.swift */,
				55D75493235B1ACE00B947D6 /* ViewController.swift */,
				55D75495235B1ACF00B947D6 /* Assets.xcassets */,
				55D75497235B1ACF00B947D6 /* Main.storyboard */,
				55D7549A235B1ACF00B947D6 /* Info.plist */,
				55D7549B235B1ACF00B947D6 /* Alertmanager.entitlements */,
				55D754A1235B7C1C00B947D6 /* Alerts.swift */,
				55D754A3235B9A9300B947D6 /* Models.swift */,
			);
			path = Alertmanager;
			sourceTree = "<group>";
		};
/* End PBXGroup section */

/* Begin PBXNativeTarget section */
		55D7548D235B1ACE00B947D6 /* Alertmanager */ = {
			isa = PBXNativeTarget;
			buildConfigurationList = 55D7549E235B1ACF00B947D6 /* Build configuration list for PBXNativeTarget "Alertmanager" */;
			buildPhases = (
				55D7548A235B1ACE00B947D6 /* Sources */,
				55D7548B235B1ACE00B947D6 /* Frameworks */,
				55D7548C235B1ACE00B947D6 /* Resources */,
			);
			buildRules = (
			);
			dependencies = (
				55D754AB235CEE7300B947D6 /* PBXTargetDependency */,
			);
			name = Alertmanager;
			packageProductDependencies = (
				55D754A6235C677400B947D6 /* Stencil */,
			);
			productName = Alertmanager;
			productReference = 55D7548E235B1ACE00B947D6 /* Alertmanager.app */;
			productType = "com.apple.product-type.application";
		};
/* End PBXNativeTarget section */

/* Begin PBXProject section */
		55D75486235B1ACE00B947D6 /* Project object */ = {
			isa = PBXProject;
			attributes = {
				LastSwiftUpdateCheck = 1110;
				LastUpgradeCheck = 1110;
				ORGANIZATIONNAME = "Rico Berger";
				TargetAttributes = {
					55D7548D235B1ACE00B947D6 = {
						CreatedOnToolsVersion = 11.1;
					};
				};
			};
			buildConfigurationList = 55D75489235B1ACE00B947D6 /* Build configuration list for PBXProject "Alertmanager" */;
			compatibilityVersion = "Xcode 9.3";
			developmentRegion = en;
			hasScannedForEncodings = 0;
			knownRegions = (
				en,
				Base,
			);
			mainGroup = 55D75485235B1ACE00B947D6;
			packageReferences = (
				55D754A5235C677400B947D6 /* XCRemoteSwiftPackageReference "Stencil" */,
			);
			productRefGroup = 55D7548F235B1ACE00B947D6 /* Products */;
			projectDirPath = "";
			projectRoot = "";
			targets = (
				55D7548D235B1ACE00B947D6 /* Alertmanager */,
			);
		};
/* End PBXProject section */

/* Begin PBXResourcesBuildPhase section */
		55D7548C235B1ACE00B947D6 /* Resources */ = {
			isa = PBXResourcesBuildPhase;
			buildActionMask = 2147483647;
			files = (
				55D75496235B1ACF00B947D6 /* Assets.xcassets in Resources */,
				55D75499235B1ACF00B947D6 /* Main.storyboard in Resources */,
			);
			runOnlyForDeploymentPostprocessing = 0;
		};
/* End PBXResourcesBuildPhase section */

/* Begin PBXSourcesBuildPhase section */
		55D7548A235B1ACE00B947D6 /* Sources */ = {
			isa = PBXSourcesBuildPhase;
			buildActionMask = 2147483647;
			files = (
				55D75494235B1ACE00B947D6 /* ViewController.swift in Sources */,
				55D754A2235B7C1C00B947D6 /* Alerts.swift in Sources */,
				55D75492235B1ACE00B947D6 /* AppDelegate.swift in Sources */,
				55D754A4235B9A9300B947D6 /* Models.swift in Sources */,
			);
			runOnlyForDeploymentPostprocessing = 0;
		};
/* End PBXSourcesBuildPhase section */

/* Begin PBXTargetDependency section */
		55D754AB235CEE7300B947D6 /* PBXTargetDependency */ = {
			isa = PBXTargetDependency;
			productRef = 55D754AA235CEE7300B947D6 /* Stencil */;
		};
/* End PBXTargetDependency section */

/* Begin PBXVariantGroup section */
		55D75497235B1ACF00B947D6 /* Main.storyboard */ = {
			isa = PBXVariantGroup;
			children = (
				55D75498235B1ACF00B947D6 /* Base */,
			);
			name = Main.storyboard;
			sourceTree = "<group>";
		};
/* End PBXVariantGroup section */

/* Begin XCBuildConfiguration section */
		55D7549C235B1ACF00B947D6 /* Debug */ = {
			isa = XCBuildConfiguration;
			buildSettings = {
				ALWAYS_SEARCH_USER_PATHS = NO;
				CLANG_ANALYZER_NONNULL = YES;
				CLANG_ANALYZER_NUMBER_OBJECT_CONVERSION = YES_AGGRESSIVE;
				CLANG_CXX_LANGUAGE_STANDARD = "gnu++14";
				CLANG_CXX_LIBRARY = "libc++";
				CLANG_ENABLE_MODULES = YES;
				CLANG_ENABLE_OBJC_ARC = YES;
				CLANG_ENABLE_OBJC_WEAK = YES;
				CLANG_WARN_BLOCK_CAPTURE_AUTORELEASING = YES;
				CLANG_WARN_BOOL_CONVERSION = YES;
				CLANG_WARN_COMMA = YES;
				CLANG_WARN_CONSTANT_CONVERSION = YES;
				CLANG_WARN_DEPRECATED_OBJC_IMPLEMENTATIONS = YES;
				CLANG_WARN_DIRECT_OBJC_ISA_USAGE = YES_ERROR;
				CLANG_WARN_DOCUMENTATION_COMMENTS = YES;
				CLANG_WARN_EMPTY_BODY = YES;
				CLANG_WARN_ENUM_CONVERSION = YES;
				CLANG_WARN_INFINITE_RECURSION = YES;
				CLANG_WARN_INT_CONVERSION = YES;
				CLANG_WARN_NON_LITERAL_NULL_CONVERSION = YES;
				CLANG_WARN_OBJC_IMPLICIT_RETAIN_SELF = YES;
				CLANG_WARN_OBJC_LITERAL_CONVERSION = YES;
				CLANG_WARN_OBJC_ROOT_CLASS = YES_ERROR;
				CLANG_WARN_RANGE_LOOP_ANALYSIS = YES;
				CLANG_WARN_STRICT_PROTOTYPES = YES;
				CLANG_WARN_SUSPICIOUS_MOVE = YES;
				CLANG_WARN_UNGUARDED_AVAILABILITY = YES_AGGRESSIVE;
				CLANG_WARN_UNREACHABLE_CODE = YES;
				CLANG_WARN__DUPLICATE_METHOD_MATCH = YES;
				COPY_PHASE_STRIP = NO;
				DEBUG_INFORMATION_FORMAT = dwarf;
				ENABLE_STRICT_OBJC_MSGSEND = YES;
				ENABLE_TESTABILITY = YES;
				GCC_C_LANGUAGE_STANDARD = gnu11;
				GCC_DYNAMIC_NO_PIC = NO;
				GCC_NO_COMMON_BLOCKS = YES;
				GCC_OPTIMIZATION_LEVEL = 0;
				GCC_PREPROCESSOR_DEFINITIONS = (
					"DEBUG=1",
					"$(inherited)",
				);
				GCC_WARN_64_TO_32_BIT_CONVERSION = YES;
				GCC_WARN_ABOUT_RETURN_TYPE = YES_ERROR;
				GCC_WARN_UNDECLARED_SELECTOR = YES;
				GCC_WARN_UNINITIALIZED_AUTOS = YES_AGGRESSIVE;
				GCC_WARN_UNUSED_FUNCTION = YES;
				GCC_WARN_UNUSED_VARIABLE = YES;
				MACOSX_DEPLOYMENT_TARGET = 10.15;
				MTL_ENABLE_DEBUG_INFO = INCLUDE_SOURCE;
				MTL_FAST_MATH = YES;
				ONLY_ACTIVE_ARCH = YES;
				SDKROOT = macosx;
				SWIFT_ACTIVE_COMPILATION_CONDITIONS = DEBUG;
				SWIFT_OPTIMIZATION_LEVEL = "-Onone";
			};
			name = Debug;
		};
		55D7549D235B1ACF00B947D6 /* Release */ = {
			isa = XCBuildConfiguration;
			buildSettings = {
				ALWAYS_SEARCH_USER_PATHS = NO;
				CLANG_ANALYZER_NONNULL = YES;
				CLANG_ANALYZER_NUMBER_OBJECT_CONVERSION = YES_AGGRESSIVE;
				CLANG_CXX_LANGUAGE_STANDARD = "gnu++14";
				CLANG_CXX_LIBRARY = "libc++";
				CLANG_ENABLE_MODULES = YES;
				CLANG_ENABLE_OBJC_ARC = YES;
				CLANG_ENABLE_OBJC_WEAK = YES;
				CLANG_WARN_BLOCK_CAPTURE_AUTORELEASING = YES;
				CLANG_WARN_BOOL_CONVERSION = YES;
				CLANG_WARN_COMMA = YES;
				CLANG_WARN_CONSTANT_CONVERSION = YES;
				CLANG_WARN_DEPRECATED_OBJC_IMPLEMENTATIONS = YES;
				CLANG_WARN_DIRECT_OBJC_ISA_USAGE = YES_ERROR;
				CLANG_WARN_DOCUMENTATION_COMMENTS = YES;
				CLANG_WARN_EMPTY_BODY = YES;
				CLANG_WARN_ENUM_CONVERSION = YES;
				CLANG_WARN_INFINITE_RECURSION = YES;
				CLANG_WARN_INT_CONVERSION = YES;
				CLANG_WARN_NON_LITERAL_NULL_CONVERSION = YES;
				CLANG_WARN_OBJC_IMPLICIT_RETAIN_SELF = YES;
				CLANG_WARN_OBJC_LITERAL_CONVERSION = YES;
				CLANG_WARN_OBJC_ROOT_CLASS = YES_ERROR;
				CLANG_WARN_RANGE_LOOP_ANALYSIS = YES;
				CLANG_WARN_STRICT_PROTOTYPES = YES;
				CLANG_WARN_SUSPICIOUS_MOVE = YES;
				CLANG_WARN_UNGUARDED_AVAILABILITY = YES_AGGRESSIVE;
				CLANG_WARN_UNREACHABLE_CODE = YES;
				CLANG_WARN__DUPLICATE_METHOD_MATCH = YES;
				COPY_PHASE_STRIP = NO;
				DEBUG_INFORMATION_FORMAT = "dwarf-with-dsym";
				ENABLE_NS_ASSERTIONS = NO;
				ENABLE_STRICT_OBJC_MSGSEND = YES;
				GCC_C_LANGUAGE_STANDARD = gnu11;
				GCC_NO_COMMON_BLOCKS = YES;
				GCC_WARN_64_TO_32_BIT_CONVERSION = YES;
				GCC_WARN_ABOUT_RETURN_TYPE = YES_ERROR;
				GCC_WARN_UNDECLARED_SELECTOR = YES;
				GCC_WARN_UNINITIALIZED_AUTOS = YES_AGGRESSIVE;
				GCC_WARN_UNUSED_FUNCTION = YES;
				GCC_WARN_UNUSED_VARIABLE = YES;
				MACOSX_DEPLOYMENT_TARGET = 10.15;
				MTL_ENABLE_DEBUG_INFO = NO;
				MTL_FAST_MATH = YES;
				SDKROOT = macosx;
				SWIFT_COMPILATION_MODE = wholemodule;
				SWIFT_OPTIMIZATION_LEVEL = "-O";
			};
			name = Release;
		};
		55D7549F235B1ACF00B947D6 /* Debug */ = {
			isa = XCBuildConfiguration;
			buildSettings = {
				ASSETCATALOG_COMPILER_APPICON_NAME = AppIcon;
				CODE_SIGN_ENTITLEMENTS = Alertmanager/Alertmanager.entitlements;
				CODE_SIGN_IDENTITY = "-";
				CODE_SIGN_STYLE = Automatic;
				COMBINE_HIDPI_IMAGES = YES;
				INFOPLIST_FILE = Alertmanager/Info.plist;
				LD_RUNPATH_SEARCH_PATHS = (
					"$(inherited)",
					"@executable_path/../Frameworks",
				);
				MARKETING_VERSION = 1.0.0;
				PRODUCT_BUNDLE_IDENTIFIER = de.ricoberger.Alertmanager;
				PRODUCT_NAME = "$(TARGET_NAME)";
				SWIFT_VERSION = 5.0;
			};
			name = Debug;
		};
		55D754A0235B1ACF00B947D6 /* Release */ = {
			isa = XCBuildConfiguration;
			buildSettings = {
				ASSETCATALOG_COMPILER_APPICON_NAME = AppIcon;
				CODE_SIGN_ENTITLEMENTS = Alertmanager/Alertmanager.entitlements;
				CODE_SIGN_IDENTITY = "-";
				CODE_SIGN_STYLE = Automatic;
				COMBINE_HIDPI_IMAGES = YES;
				INFOPLIST_FILE = Alertmanager/Info.plist;
				LD_RUNPATH_SEARCH_PATHS = (
					"$(inherited)",
					"@executable_path/../Frameworks",
				);
				MARKETING_VERSION = 1.0.0;
				PRODUCT_BUNDLE_IDENTIFIER = de.ricoberger.Alertmanager;
				PRODUCT_NAME = "$(TARGET_NAME)";
				SWIFT_VERSION = 5.0;
			};
			name = Release;
		};
/* End XCBuildConfiguration section */

/* Begin XCConfigurationList section */
		55D75489235B1ACE00B947D6 /* Build configuration list for PBXProject "Alertmanager" */ = {
			isa = XCConfigurationList;
			buildConfigurations = (
				55D7549C235B1ACF00B947D6 /* Debug */,
				55D7549D235B1ACF00B947D6 /* Release */,
			);
			defaultConfigurationIsVisible = 0;
			defaultConfigurationName = Release;
		};
		55D7549E235B1ACF00B947D6 /* Build configuration list for PBXNativeTarget "Alertmanager" */ = {
			isa = XCConfigurationList;
			buildConfigurations = (
				55D7549F235B1ACF00B947D6 /* Debug */,
				55D754A0235B1ACF00B947D6 /* Release */,
			);
			defaultConfigurationIsVisible = 0;
			defaultConfigurationName = Release;
		};
/* End XCConfigurationList section */

/* Begin XCRemoteSwiftPackageReference section */
		55D754A5235C677400B947D6 /* XCRemoteSwiftPackageReference "Stencil" */ = {
			isa = XCRemoteSwiftPackageReference;
			repositoryURL = "https://github.com/stencilproject/Stencil.git";
			requirement = {
				kind = upToNextMajorVersion;
				minimumVersion = 0.13.1;
			};
		};
/* End XCRemoteSwiftPackageReference section */

/* Begin XCSwiftPackageProductDependency section */
		55D754A6235C677400B947D6 /* Stencil */ = {
			isa = XCSwiftPackageProductDependency;
			package = 55D754A5235C677400B947D6 /* XCRemoteSwiftPackageReference "Stencil" */;
			productName = Stencil;
		};
		55D754AA235CEE7300B947D6 /* Stencil */ = {
			isa = XCSwiftPackageProductDependency;
			package = 55D754A5235C677400B947D6 /* XCRemoteSwiftPackageReference "Stencil" */;
			productName = Stencil;
		};
/* End XCSwiftPackageProductDependency section */
	};
	rootObject = 55D75486235B1ACE00B947D6 /* Project object */;
}
